{
  "name": "markdown.css",
  "version": "0.1.0",
  "lockfileVersion": 1,
  "requires": true,
  "dependencies": {
    "argparse": {
      "version": "1.0.10",
      "resolved": "https://registry.npmjs.org/argparse/-/argparse-1.0.10.tgz",
      "integrity": "sha512-o5Roy6tNG4SL/FOkCAN6RzjiakZS25RLYFrcMttJqbdd8BWrnA+fGz57iN5Pb06pvBGvl5gQ0B48dJlslXvoTg==",
      "dev": true,
      "requires": {
        "sprintf-js": "~1.0.2"
      }
    },
    "entities": {
      "version": "1.1.2",
      "resolved": "https://registry.npmjs.org/entities/-/entities-1.1.2.tgz",
      "integrity": "sha512-f2LZMYl1Fzu7YSBKg+RoROelpOaNrcGmE9AZubeDfrCEia483oW4MI4VyFd5VNHIgQ/7qm1I0wUHK1eJnn2y2w==",
      "dev": true
    },
    "highlight.js": {
      "version": "10.5.0",
      "resolved": "https://registry.npmjs.org/highlight.js/-/highlight.js-10.5.0.tgz",
      "integrity": "sha512-xTmvd9HiIHR6L53TMC7TKolEj65zG1XU+Onr8oi86mYa+nLcIbxTTWkpW7CsEwv/vK7u1zb8alZIMLDqqN6KTw==",
      "dev": true
    },
    "linkify-it": {
      "version": "2.2.0",
      "resolved": "https://registry.npmjs.org/linkify-it/-/linkify-it-2.2.0.tgz",
      "integrity": "sha512-GnAl/knGn+i1U/wjBz3akz2stz+HrHLsxMwHQGofCDfPvlf+gDKN58UtfmUquTY4/MXeE2x7k19KQmeoZi94Iw==",
      "dev": true,
      "requires": {
        "uc.micro": "^1.0.1"
      }
    },
    "markdown-it": {
      "version": "9.1.0",
      "resolved": "https://registry.npmjs.org/markdown-it/-/markdown-it-9.1.0.tgz",
      "integrity": "sha512-xHKG4C8iPriyfu/jc2hsCC045fKrMQ0VexX2F1FGYiRxDxqMB2aAhF8WauJ3fltn2kb90moGBkiiEdooGIg55w==",
      "dev": true,
      "requires": {
        "argparse": "^1.0.7",
        "entities": "~1.1.1",
        "linkify-it": "^2.0.0",
        "mdurl": "^1.0.1",
        "uc.micro": "^1.0.5"
      }
    },
    "markdown-it-deflist": {
      "version": "2.1.0",
      "resolved": "https://registry.npmjs.org/markdown-it-deflist/-/markdown-it-deflist-2.1.0.tgz",
      "integrity": "sha512-3OuqoRUlSxJiuQYu0cWTLHNhhq2xtoSFqsZK8plANg91+RJQU1ziQ6lA2LzmFAEes18uPBsHZpcX6We5l76Nzg==",
      "dev": true
    },
    "markdown-it-sub": {
      "version": "1.0.0",
      "resolved": "https://registry.npmjs.org/markdown-it-sub/-/markdown-it-sub-1.0.0.tgz",
      "integrity": "sha1-N1/WAm6ufdywEkl/ZBEZXqHjr+g=",
      "dev": true
    },
    "markdown-it-sup": {
      "version": "1.0.0",
      "resolved": "https://registry.npmjs.org/markdown-it-sup/-/markdown-it-sup-1.0.0.tgz",
      "integrity": "sha1-y5yf+RpSVawI8/09YyhuFd8KH8M=",
      "dev": true
    },
    "markdown-it-task-lists": {
      "version": "2.1.1",
      "resolved": "https://registry.npmjs.org/markdown-it-task-lists/-/markdown-it-task-lists-2.1.1.tgz",
      "integrity": "sha512-TxFAc76Jnhb2OUu+n3yz9RMu4CwGfaT788br6HhEDlvWfdeJcLUsxk1Hgw2yJio0OXsxv7pyIPmvECY7bMbluA==",
      "dev": true
    },
    "mdurl": {
      "version": "1.0.1",
      "resolved": "https://registry.npmjs.org/mdurl/-/mdurl-1.0.1.tgz",
      "integrity": "sha1-/oWy7HWlkDfyrf7BAP1sYBdhFS4=",
      "dev": true
    },
    "sprintf-js": {
      "version": "1.0.3",
      "resolved": "https://registry.npmjs.org/sprintf-js/-/sprintf-js-1.0.3.tgz",
      "integrity": "sha1-BOaSb2YolTVPPdAVIDYzuFcpfiw=",
      "dev": true
    },
    "uc.micro": {
      "version": "1.0.6",
      "resolved": "https://registry.npmjs.org/uc.micro/-/uc.micro-1.0.6.tgz",
      "integrity": "sha512-8Y75pvTYkLJW2hWQHXxoqRgV7qb9B+9vFEtidML+7koHUFapnVJAZ6cKs+Qjz5Aw3aZWHMC6u0wJE3At+nSGwA==",
      "dev": true
    }
  }
}
